
Microsoft Visual Studio Solution File, Format Version 12.00
# Visual Studio Version 17
VisualStudioVersion = 17.8.34309.116
MinimumVisualStudioVersion = 10.0.40219.1
Project("{888888A0-9F3D-457C-B088-3A5042F75D52}") = "therapist-webapi", "therapist-webapi\therapist-webapi.pyproj", "{8F5E30E2-7B38-49F9-A310-D652591146DD}"
EndProject
Global
	GlobalSection(SolutionConfigurationPlatforms) = preSolution
		Debug|Any CPU = Debug|Any CPU
		Release|Any CPU = Release|Any CPU
	EndGlobalSection
	GlobalSection(ProjectConfigurationPlatforms) = postSolution
		{8F5E30E2-7B38-49F9-A310-D652591146DD}.Debug|Any CPU.ActiveCfg = Debug|Any CPU
		{8F5E30E2-7B38-49F9-A310-D652591146DD}.Debug|Any CPU.Build.0 = Debug|Any CPU
		{8F5E30E2-7B38-49F9-A310-D652591146DD}.Release|Any CPU.ActiveCfg = Release|Any CPU
		{8F5E30E2-7B38-49F9-A310-D652591146DD}.Release|Any CPU.Build.0 = Release|Any CPU
	EndGlobalSection
	GlobalSection(SolutionProperties) = preSolution
		HideSolutionNode = FALSE
	EndGlobalSection
	GlobalSection(ExtensibilityGlobals) = postSolution
		SolutionGuid = {1C7BF1E3-9932-41E5-BAE2-F3686A2C2E1F}
	EndGlobalSection
EndGlobal
